{
  "name": "hello",
  "version": "1.0.0",
  "lockfileVersion": 3,
  "requires": true,
  "packages": {
    "": {
      "name": "hello",
      "version": "1.0.0",
      "license": "ISC",
      "dependencies": {
        "@betiwe/ajs": "^1.0.0"
      }
    },
    "node_modules/@betiwe/ajs": {
      "version": "1.0.0",
      "resolved": "https://npm.pkg.github.com/download/@betiwe/ajs/1.0.0/85a88e13ba927207d6fc80ada23f606947fbfae2",
      "integrity": "sha512-6XaoZRfk+rLAsOC5c9TrtjuCYVSpFMgloATb2sSTRDrwFZ8rfFxmhmmdVCLhZ4CHMEgHuzDPGCN/83CX9O/cfQ==",
      "license": "ISC"
    }
  }
}
